
Microsoft Visual Studio Solution File, Format Version 12.00
# Visual Studio Version 17
VisualStudioVersion = 17.14.36212.18
MinimumVisualStudioVersion = 10.0.40219.1
Project("{FAE04EC0-301F-11D3-BF4B-00C04F79EFBC}") = "D2Runner", "D2Runner\D2Runner.csproj", "{4EE9E7ED-176B-4869-B7FF-1050E4857772}"
EndProject
Global
	GlobalSection(SolutionConfigurationPlatforms) = preSolution
		Debug|Any CPU = Debug|Any CPU
		Debug|x64 = Debug|x64
		Release|Any CPU = Release|Any CPU
		Release|x64 = Release|x64
	EndGlobalSection
	GlobalSection(ProjectConfigurationPlatforms) = postSolution
		{4EE9E7ED-176B-4869-B7FF-1050E4857772}.Debug|Any CPU.ActiveCfg = Debug|Any CPU
		{4EE9E7ED-176B-4869-B7FF-1050E4857772}.Debug|Any CPU.Build.0 = Debug|Any CPU
		{4EE9E7ED-176B-4869-B7FF-1050E4857772}.Debug|x64.ActiveCfg = Debug|x64
		{4EE9E7ED-176B-4869-B7FF-1050E4857772}.Debug|x64.Build.0 = Debug|x64
		{4EE9E7ED-176B-4869-B7FF-1050E4857772}.Release|Any CPU.ActiveCfg = Release|Any CPU
		{4EE9E7ED-176B-4869-B7FF-1050E4857772}.Release|Any CPU.Build.0 = Release|Any CPU
		{4EE9E7ED-176B-4869-B7FF-1050E4857772}.Release|x64.ActiveCfg = Release|x64
		{4EE9E7ED-176B-4869-B7FF-1050E4857772}.Release|x64.Build.0 = Release|x64
	EndGlobalSection
	GlobalSection(SolutionProperties) = preSolution
		HideSolutionNode = FALSE
	EndGlobalSection
	GlobalSection(ExtensibilityGlobals) = postSolution
		SolutionGuid = {5FFFBE3F-94D2-45C3-B24E-F5F01DDE1555}
	EndGlobalSection
EndGlobal
